
Microsoft Visual Studio Solution File, Format Version 12.00
# Visual Studio Version 17
VisualStudioVersion = 17.4.33103.184
MinimumVisualStudioVersion = 10.0.40219.1
Project("{9A19103F-16F7-4668-BE54-9A1E7A4F7556}") = "Identity", "src\Identity\Identity.csproj", "{CA04EB3C-2C61-4259-946B-ABC8F2EAC7A5}"
EndProject
Project("{9A19103F-16F7-4668-BE54-9A1E7A4F7556}") = "PublicWebApp", "src\PublicWebApp\PublicWebApp.csproj", "{C6A5B5C5-2788-4965-B6A3-D140904EAF4C}"
EndProject
Project("{9A19103F-16F7-4668-BE54-9A1E7A4F7556}") = "TempIdentityServer", "src\TempIdentityServer\TempIdentityServer.csproj", "{437FFA1D-7D4D-4661-AE36-359652509653}"
EndProject
Global
	GlobalSection(SolutionConfigurationPlatforms) = preSolution
		Debug|Any CPU = Debug|Any CPU
		Release|Any CPU = Release|Any CPU
	EndGlobalSection
	GlobalSection(ProjectConfigurationPlatforms) = postSolution
		{CA04EB3C-2C61-4259-946B-ABC8F2EAC7A5}.Debug|Any CPU.ActiveCfg = Debug|Any CPU
		{CA04EB3C-2C61-4259-946B-ABC8F2EAC7A5}.Debug|Any CPU.Build.0 = Debug|Any CPU
		{CA04EB3C-2C61-4259-946B-ABC8F2EAC7A5}.Release|Any CPU.ActiveCfg = Release|Any CPU
		{CA04EB3C-2C61-4259-946B-ABC8F2EAC7A5}.Release|Any CPU.Build.0 = Release|Any CPU
		{C6A5B5C5-2788-4965-B6A3-D140904EAF4C}.Debug|Any CPU.ActiveCfg = Debug|Any CPU
		{C6A5B5C5-2788-4965-B6A3-D140904EAF4C}.Debug|Any CPU.Build.0 = Debug|Any CPU
		{C6A5B5C5-2788-4965-B6A3-D140904EAF4C}.Release|Any CPU.ActiveCfg = Release|Any CPU
		{C6A5B5C5-2788-4965-B6A3-D140904EAF4C}.Release|Any CPU.Build.0 = Release|Any CPU
		{437FFA1D-7D4D-4661-AE36-359652509653}.Debug|Any CPU.ActiveCfg = Debug|Any CPU
		{437FFA1D-7D4D-4661-AE36-359652509653}.Debug|Any CPU.Build.0 = Debug|Any CPU
		{437FFA1D-7D4D-4661-AE36-359652509653}.Release|Any CPU.ActiveCfg = Release|Any CPU
		{437FFA1D-7D4D-4661-AE36-359652509653}.Release|Any CPU.Build.0 = Release|Any CPU
	EndGlobalSection
	GlobalSection(SolutionProperties) = preSolution
		HideSolutionNode = FALSE
	EndGlobalSection
	GlobalSection(ExtensibilityGlobals) = postSolution
		SolutionGuid = {3C2075D9-F5BC-4C04-BECF-51C5AB18A9AD}
	EndGlobalSection
EndGlobal
